
Microsoft Visual Studio Solution File, Format Version 11.00
# Visual C# Express 2010
Project("{FAE04EC0-301F-11D3-BF4B-00C04F79EFBC}") = "BoxDumper", "BoxDumper\BoxDumper.csproj", "{295FD8CA-EA83-4902-8BE8-88B000F54B67}"
EndProject
Global
	GlobalSection(SolutionConfigurationPlatforms) = preSolution
		Debug|x86 = Debug|x86
		Release|x86 = Release|x86
	EndGlobalSection
	GlobalSection(ProjectConfigurationPlatforms) = postSolution
		{295FD8CA-EA83-4902-8BE8-88B000F54B67}.Debug|x86.ActiveCfg = Debug|x86
		{295FD8CA-EA83-4902-8BE8-88B000F54B67}.Debug|x86.Build.0 = Debug|x86
		{295FD8CA-EA83-4902-8BE8-88B000F54B67}.Release|x86.ActiveCfg = Release|x86
		{295FD8CA-EA83-4902-8BE8-88B000F54B67}.Release|x86.Build.0 = Release|x86
	EndGlobalSection
	GlobalSection(SolutionProperties) = preSolution
		HideSolutionNode = FALSE
	EndGlobalSection
EndGlobal
